// !$*UTF8*$!
{
	archiveVersion = 1;
	classes = {
	};
	objectVersion = 46;
	objects = {

/* Begin PBXBuildFile section */
		E747444E19BBD233004BA9B3 /* Parse.framework in Frameworks */ = {isa = PBXBuildFile; fileRef = E747444D19BBD233004BA9B3 /* Parse.framework */; };
		E747445019BBD23A004BA9B3 /* Bolts.framework in Frameworks */ = {isa = PBXBuildFile; fileRef = E747444F19BBD23A004BA9B3 /* Bolts.framework */; };
		E747445219BBD262004BA9B3 /* AudioToolbox.framework in Frameworks */ = {isa = PBXBuildFile; fileRef = E747445119BBD262004BA9B3 /* AudioToolbox.framework */; };
		E747445419BBD271004BA9B3 /* CFNetwork.framework in Frameworks */ = {isa = PBXBuildFile; fileRef = E747445319BBD271004BA9B3 /* CFNetwork.framework */; };
		E747445619BBD279004BA9B3 /* CoreGraphics.framework in Frameworks */ = {isa = PBXBuildFile; fileRef = E747445519BBD279004BA9B3 /* CoreGraphics.framework */; };
		E747445819BBD285004BA9B3 /* CoreLocation.framework in Frameworks */ = {isa = PBXBuildFile; fileRef = E747445719BBD285004BA9B3 /* CoreLocation.framework */; };
		E747445A19BBD28B004BA9B3 /* libz.dylib in Frameworks */ = {isa = PBXBuildFile; fileRef = E747445919BBD28B004BA9B3 /* libz.dylib */; };
		E747445C19BBD297004BA9B3 /* MobileCoreServices.framework in Frameworks */ = {isa = PBXBuildFile; fileRef = E747445B19BBD297004BA9B3 /* MobileCoreServices.framework */; };
		E747445E19BBD2AA004BA9B3 /* QuartzCore.framework in Frameworks */ = {isa = PBXBuildFile; fileRef = E747445D19BBD2AA004BA9B3 /* QuartzCore.framework */; };
		E747446019BBD2AF004BA9B3 /* Security.framework in Frameworks */ = {isa = PBXBuildFile; fileRef = E747445F19BBD2AF004BA9B3 /* Security.framework */; };
		E747446219BBD2BB004BA9B3 /* StoreKit.framework in Frameworks */ = {isa = PBXBuildFile; fileRef = E747446119BBD2BB004BA9B3 /* StoreKit.framework */; };
		E747446419BBD2C3004BA9B3 /* SystemConfiguration.framework in Frameworks */ = {isa = PBXBuildFile; fileRef = E747446319BBD2C3004BA9B3 /* SystemConfiguration.framework */; };
		E78FD194198F1E6B0069F335 /* main.m in Sources */ = {isa = PBXBuildFile; fileRef = E78FD193198F1E6B0069F335 /* main.m */; };
		E78FD197198F1E6B0069F335 /* AppDelegate.m in Sources */ = {isa = PBXBuildFile; fileRef = E78FD196198F1E6B0069F335 /* AppDelegate.m */; };
		E78FD19A198F1E6B0069F335 /* Buzzze.xcdatamodeld in Sources */ = {isa = PBXBuildFile; fileRef = E78FD198198F1E6B0069F335 /* Buzzze.xcdatamodeld */; };
		E78FD19D198F1E6B0069F335 /* ViewController.m in Sources */ = {isa = PBXBuildFile; fileRef = E78FD19C198F1E6B0069F335 /* ViewController.m */; };
		E78FD1A0198F1E6B0069F335 /* Main.storyboard in Resources */ = {isa = PBXBuildFile; fileRef = E78FD19E198F1E6B0069F335 /* Main.storyboard */; };
		E78FD1A2198F1E6B0069F335 /* Images.xcassets in Resources */ = {isa = PBXBuildFile; fileRef = E78FD1A1198F1E6B0069F335 /* Images.xcassets */; };
		E78FD1AE198F1E6B0069F335 /* BuzzzeTests.m in Sources */ = {isa = PBXBuildFile; fileRef = E78FD1AD198F1E6B0069F335 /* BuzzzeTests.m */; };
		F58C3C8D6F334E6B8A86A7D6 /* libPods-BuzzzeTests.a in Frameworks */ = {isa = PBXBuildFile; fileRef = 91D8576C320F4A2094FE4270 /* libPods-BuzzzeTests.a */; };
/* End PBXBuildFile section */

/* Begin PBXContainerItemProxy section */
		E78FD1A8198F1E6B0069F335 /* PBXContainerItemProxy */ = {
			isa = PBXContainerItemProxy;
			containerPortal = E78FD186198F1E6B0069F335 /* Project object */;
			proxyType = 1;
			remoteGlobalIDString = E78FD18D198F1E6B0069F335;
			remoteInfo = Buzzze;
		};
/* End PBXContainerItemProxy section */

/* Begin PBXFileReference section */
		6D4587CBFC68417F98E4AAC3 /* Pods-BuzzzeTests.xcconfig */ = {isa = PBXFileReference; includeInIndex = 1; lastKnownFileType = text.xcconfig; name = "Pods-BuzzzeTests.xcconfig"; path = "Pods/Pods-BuzzzeTests.xcconfig"; sourceTree = "<group>"; };
		91D8576C320F4A2094FE4270 /* libPods-BuzzzeTests.a */ = {isa = PBXFileReference; explicitFileType = archive.ar; includeInIndex = 0; path = "libPods-BuzzzeTests.a"; sourceTree = BUILT_PRODUCTS_DIR; };
		E747444D19BBD233004BA9B3 /* Parse.framework */ = {isa = PBXFileReference; lastKnownFileType = wrapper.framework; path = Parse.framework; sourceTree = "<group>"; };
		E747444F19BBD23A004BA9B3 /* Bolts.framework */ = {isa = PBXFileReference; lastKnownFileType = wrapper.framework; path = Bolts.framework; sourceTree = "<group>"; };
		E747445119BBD262004BA9B3 /* AudioToolbox.framework */ = {isa = PBXFileReference; lastKnownFileType = wrapper.framework; name = AudioToolbox.framework; path = System/Library/Frameworks/AudioToolbox.framework; sourceTree = SDKROOT; };
		E747445319BBD271004BA9B3 /* CFNetwork.framework */ = {isa = PBXFileReference; lastKnownFileType = wrapper.framework; name = CFNetwork.framework; path = System/Library/Frameworks/CFNetwork.framework; sourceTree = SDKROOT; };
		E747445519BBD279004BA9B3 /* CoreGraphics.framework */ = {isa = PBXFileReference; lastKnownFileType = wrapper.framework; name = CoreGraphics.framework; path = System/Library/Frameworks/CoreGraphics.framework; sourceTree = SDKROOT; };
		E747445719BBD285004BA9B3 /* CoreLocation.framework */ = {isa = PBXFileReference; lastKnownFileType = wrapper.framework; name = CoreLocation.framework; path = System/Library/Frameworks/CoreLocation.framework; sourceTree = SDKROOT; };
		E747445919BBD28B004BA9B3 /* libz.dylib */ = {isa = PBXFileReference; lastKnownFileType = "compiled.mach-o.dylib"; name = libz.dylib; path = usr/lib/libz.dylib; sourceTree = SDKROOT; };
		E747445B19BBD297004BA9B3 /* MobileCoreServices.framework */ = {isa = PBXFileReference; lastKnownFileType = wrapper.framework; name = MobileCoreServices.framework; path = System/Library/Frameworks/MobileCoreServices.framework; sourceTree = SDKROOT; };
		E747445D19BBD2AA004BA9B3 /* QuartzCore.framework */ = {isa = PBXFileReference; lastKnownFileType = wrapper.framework; name = QuartzCore.framework; path = System/Library/Frameworks/QuartzCore.framework; sourceTree = SDKROOT; };
		E747445F19BBD2AF004BA9B3 /* Security.framework */ = {isa = PBXFileReference; lastKnownFileType = wrapper.framework; name = Security.framework; path = System/Library/Frameworks/Security.framework; sourceTree = SDKROOT; };
		E747446119BBD2BB004BA9B3 /* StoreKit.framework */ = {isa = PBXFileReference; lastKnownFileType = wrapper.framework; name = StoreKit.framework; path = System/Library/Frameworks/StoreKit.framework; sourceTree = SDKROOT; };
		E747446319BBD2C3004BA9B3 /* SystemConfiguration.framework */ = {isa = PBXFileReference; lastKnownFileType = wrapper.framework; name = SystemConfiguration.framework; path = System/Library/Frameworks/SystemConfiguration.framework; sourceTree = SDKROOT; };
		E78FD18E198F1E6B0069F335 /* Buzzze.app */ = {isa = PBXFileReference; explicitFileType = wrapper.application; includeInIndex = 0; path = Buzzze.app; sourceTree = BUILT_PRODUCTS_DIR; };
		E78FD192198F1E6B0069F335 /* Info.plist */ = {isa = PBXFileReference; lastKnownFileType = text.plist.xml; path = Info.plist; sourceTree = "<group>"; };
		E78FD193198F1E6B0069F335 /* main.m */ = {isa = PBXFileReference; lastKnownFileType = sourcecode.c.objc; path = main.m; sourceTree = "<group>"; };
		E78FD195198F1E6B0069F335 /* AppDelegate.h */ = {isa = PBXFileReference; lastKnownFileType = sourcecode.c.h; path = AppDelegate.h; sourceTree = "<group>"; };
		E78FD196198F1E6B0069F335 /* AppDelegate.m */ = {isa = PBXFileReference; lastKnownFileType = sourcecode.c.objc; path = AppDelegate.m; sourceTree = "<group>"; };
		E78FD199198F1E6B0069F335 /* Buzzze.xcdatamodel */ = {isa = PBXFileReference; lastKnownFileType = wrapper.xcdatamodel; path = Buzzze.xcdatamodel; sourceTree = "<group>"; };
		E78FD19B198F1E6B0069F335 /* ViewController.h */ = {isa = PBXFileReference; lastKnownFileType = sourcecode.c.h; path = ViewController.h; sourceTree = "<group>"; };
		E78FD19C198F1E6B0069F335 /* ViewController.m */ = {isa = PBXFileReference; lastKnownFileType = sourcecode.c.objc; path = ViewController.m; sourceTree = "<group>"; };
		E78FD19F198F1E6B0069F335 /* Base */ = {isa = PBXFileReference; lastKnownFileType = file.storyboard; name = Base; path = Base.lproj/Main.storyboard; sourceTree = "<group>"; };
		E78FD1A1198F1E6B0069F335 /* Images.xcassets */ = {isa = PBXFileReference; lastKnownFileType = folder.assetcatalog; path = Images.xcassets; sourceTree = "<group>"; };
		E78FD1A7198F1E6B0069F335 /* BuzzzeTests.xctest */ = {isa = PBXFileReference; explicitFileType = wrapper.cfbundle; includeInIndex = 0; path = BuzzzeTests.xctest; sourceTree = BUILT_PRODUCTS_DIR; };
		E78FD1AC198F1E6B0069F335 /* Info.plist */ = {isa = PBXFileReference; lastKnownFileType = text.plist.xml; path = Info.plist; sourceTree = "<group>"; };
		E78FD1AD198F1E6B0069F335 /* BuzzzeTests.m */ = {isa = PBXFileReference; lastKnownFileType = sourcecode.c.objc; path = BuzzzeTests.m; sourceTree = "<group>"; };
/* End PBXFileReference section */

/* Begin PBXFrameworksBuildPhase section */
		E78FD18B198F1E6B0069F335 /* Frameworks */ = {
			isa = PBXFrameworksBuildPhase;
			buildActionMask = 2147483647;
			files = (
				E747446419BBD2C3004BA9B3 /* SystemConfiguration.framework in Frameworks */,
				E747446219BBD2BB004BA9B3 /* StoreKit.framework in Frameworks */,
				E747446019BBD2AF004BA9B3 /* Security.framework in Frameworks */,
				E747445E19BBD2AA004BA9B3 /* QuartzCore.framework in Frameworks */,
				E747445C19BBD297004BA9B3 /* MobileCoreServices.framework in Frameworks */,
				E747445A19BBD28B004BA9B3 /* libz.dylib in Frameworks */,
				E747445819BBD285004BA9B3 /* CoreLocation.framework in Frameworks */,
				E747445619BBD279004BA9B3 /* CoreGraphics.framework in Frameworks */,
				E747445419BBD271004BA9B3 /* CFNetwork.framework in Frameworks */,
				E747445219BBD262004BA9B3 /* AudioToolbox.framework in Frameworks */,
				E747444E19BBD233004BA9B3 /* Parse.framework in Frameworks */,
				E747445019BBD23A004BA9B3 /* Bolts.framework in Frameworks */,
			);
			runOnlyForDeploymentPostprocessing = 0;
		};
		E78FD1A4198F1E6B0069F335 /* Frameworks */ = {
			isa = PBXFrameworksBuildPhase;
			buildActionMask = 2147483647;
			files = (
				F58C3C8D6F334E6B8A86A7D6 /* libPods-BuzzzeTests.a in Frameworks */,
			);
			runOnlyForDeploymentPostprocessing = 0;
		};
/* End PBXFrameworksBuildPhase section */

/* Begin PBXGroup section */
		072DFF6BEF5848E697AE2FCF /* Frameworks */ = {
			isa = PBXGroup;
			children = (
				E747446319BBD2C3004BA9B3 /* SystemConfiguration.framework */,
				E747446119BBD2BB004BA9B3 /* StoreKit.framework */,
				E747445F19BBD2AF004BA9B3 /* Security.framework */,
				E747445D19BBD2AA004BA9B3 /* QuartzCore.framework */,
				E747445B19BBD297004BA9B3 /* MobileCoreServices.framework */,
				E747445919BBD28B004BA9B3 /* libz.dylib */,
				E747445719BBD285004BA9B3 /* CoreLocation.framework */,
				E747445519BBD279004BA9B3 /* CoreGraphics.framework */,
				E747445319BBD271004BA9B3 /* CFNetwork.framework */,
				E747445119BBD262004BA9B3 /* AudioToolbox.framework */,
				E747444F19BBD23A004BA9B3 /* Bolts.framework */,
				E747444D19BBD233004BA9B3 /* Parse.framework */,
				91D8576C320F4A2094FE4270 /* libPods-BuzzzeTests.a */,
			);
			name = Frameworks;
			sourceTree = "<group>";
		};
		E78FD185198F1E6B0069F335 = {
			isa = PBXGroup;
			children = (
				E78FD190198F1E6B0069F335 /* Buzzze */,
				E78FD1AA198F1E6B0069F335 /* BuzzzeTests */,
				E78FD18F198F1E6B0069F335 /* Products */,
				6D4587CBFC68417F98E4AAC3 /* Pods-BuzzzeTests.xcconfig */,
				072DFF6BEF5848E697AE2FCF /* Frameworks */,
			);
			sourceTree = "<group>";
		};
		E78FD18F198F1E6B0069F335 /* Products */ = {
			isa = PBXGroup;
			children = (
				E78FD18E198F1E6B0069F335 /* Buzzze.app */,
				E78FD1A7198F1E6B0069F335 /* BuzzzeTests.xctest */,
			);
			name = Products;
			sourceTree = "<group>";
		};
		E78FD190198F1E6B0069F335 /* Buzzze */ = {
			isa = PBXGroup;
			children = (
				E78FD195198F1E6B0069F335 /* AppDelegate.h */,
				E78FD196198F1E6B0069F335 /* AppDelegate.m */,
				E78FD19B198F1E6B0069F335 /* ViewController.h */,
				E78FD19C198F1E6B0069F335 /* ViewController.m */,
				E78FD1BA198F21DD0069F335 /* Login */,
				E78FD1B9198F21D10069F335 /* Model */,
				E78FD1B7198F21960069F335 /* BLELayer */,
				E78FD1B8198F21A20069F335 /* DataLayer */,
				E78FD19E198F1E6B0069F335 /* Main.storyboard */,
				E78FD1A1198F1E6B0069F335 /* Images.xcassets */,
				E78FD198198F1E6B0069F335 /* Buzzze.xcdatamodeld */,
				E78FD191198F1E6B0069F335 /* Supporting Files */,
			);
			path = Buzzze;
			sourceTree = "<group>";
		};
		E78FD191198F1E6B0069F335 /* Supporting Files */ = {
			isa = PBXGroup;
			children = (
				E78FD192198F1E6B0069F335 /* Info.plist */,
				E78FD193198F1E6B0069F335 /* main.m */,
			);
			name = "Supporting Files";
			sourceTree = "<group>";
		};
		E78FD1AA198F1E6B0069F335 /* BuzzzeTests */ = {
			isa = PBXGroup;
			children = (
				E78FD1AD198F1E6B0069F335 /* BuzzzeTests.m */,
				E78FD1AB198F1E6B0069F335 /* Supporting Files */,
			);
			path = BuzzzeTests;
			sourceTree = "<group>";
		};
		E78FD1AB198F1E6B0069F335 /* Supporting Files */ = {
			isa = PBXGroup;
			children = (
				E78FD1AC198F1E6B0069F335 /* Info.plist */,
			);
			name = "Supporting Files";
			sourceTree = "<group>";
		};
		E78FD1B7198F21960069F335 /* BLELayer */ = {
			isa = PBXGroup;
			children = (
			);
			name = BLELayer;
			sourceTree = "<group>";
		};
		E78FD1B8198F21A20069F335 /* DataLayer */ = {
			isa = PBXGroup;
			children = (
			);
			name = DataLayer;
			sourceTree = "<group>";
		};
		E78FD1B9198F21D10069F335 /* Model */ = {
			isa = PBXGroup;
			children = (
			);
			name = Model;
			sourceTree = "<group>";
		};
		E78FD1BA198F21DD0069F335 /* Login */ = {
			isa = PBXGroup;
			children = (
			);
			name = Login;
			sourceTree = "<group>";
		};
/* End PBXGroup section */

/* Begin PBXNativeTarget section */
		E78FD18D198F1E6B0069F335 /* Buzzze */ = {
			isa = PBXNativeTarget;
			buildConfigurationList = E78FD1B1198F1E6B0069F335 /* Build configuration list for PBXNativeTarget "Buzzze" */;
			buildPhases = (
				E78FD18A198F1E6B0069F335 /* Sources */,
				E78FD18B198F1E6B0069F335 /* Frameworks */,
				E78FD18C198F1E6B0069F335 /* Resources */,
			);
			buildRules = (
			);
			dependencies = (
			);
			name = Buzzze;
			productName = Buzzze;
			productReference = E78FD18E198F1E6B0069F335 /* Buzzze.app */;
			productType = "com.apple.product-type.application";
		};
		E78FD1A6198F1E6B0069F335 /* BuzzzeTests */ = {
			isa = PBXNativeTarget;
			buildConfigurationList = E78FD1B4198F1E6B0069F335 /* Build configuration list for PBXNativeTarget "BuzzzeTests" */;
			buildPhases = (
				AF70CAF3D6684E999D36E694 /* Check Pods Manifest.lock */,
				E78FD1A3198F1E6B0069F335 /* Sources */,
				E78FD1A4198F1E6B0069F335 /* Frameworks */,
				E78FD1A5198F1E6B0069F335 /* Resources */,
				6D388E4123564EB68682B681 /* Copy Pods Resources */,
			);
			buildRules = (
			);
			dependencies = (
				E78FD1A9198F1E6B0069F335 /* PBXTargetDependency */,
			);
			name = BuzzzeTests;
			productName = BuzzzeTests;
			productReference = E78FD1A7198F1E6B0069F335 /* BuzzzeTests.xctest */;
			productType = "com.apple.product-type.bundle.unit-test";
		};
/* End PBXNativeTarget section */

/* Begin PBXProject section */
		E78FD186198F1E6B0069F335 /* Project object */ = {
			isa = PBXProject;
			attributes = {
				LastUpgradeCheck = 0600;
				ORGANIZATIONNAME = yahoo;
				TargetAttributes = {
					E78FD18D198F1E6B0069F335 = {
						CreatedOnToolsVersion = 6.0;
					};
					E78FD1A6198F1E6B0069F335 = {
						CreatedOnToolsVersion = 6.0;
						TestTargetID = E78FD18D198F1E6B0069F335;
					};
				};
			};
			buildConfigurationList = E78FD189198F1E6B0069F335 /* Build configuration list for PBXProject "Buzzze" */;
			compatibilityVersion = "Xcode 3.2";
			developmentRegion = English;
			hasScannedForEncodings = 0;
			knownRegions = (
				en,
				Base,
			);
			mainGroup = E78FD185198F1E6B0069F335;
			productRefGroup = E78FD18F198F1E6B0069F335 /* Products */;
			projectDirPath = "";
			projectRoot = "";
			targets = (
				E78FD18D198F1E6B0069F335 /* Buzzze */,
				E78FD1A6198F1E6B0069F335 /* BuzzzeTests */,
			);
		};
/* End PBXProject section */

/* Begin PBXResourcesBuildPhase section */
		E78FD18C198F1E6B0069F335 /* Resources */ = {
			isa = PBXResourcesBuildPhase;
			buildActionMask = 2147483647;
			files = (
				E78FD1A0198F1E6B0069F335 /* Main.storyboard in Resources */,
				E78FD1A2198F1E6B0069F335 /* Images.xcassets in Resources */,
			);
			runOnlyForDeploymentPostprocessing = 0;
		};
		E78FD1A5198F1E6B0069F335 /* Resources */ = {
			isa = PBXResourcesBuildPhase;
			buildActionMask = 2147483647;
			files = (
			);
			runOnlyForDeploymentPostprocessing = 0;
		};
/* End PBXResourcesBuildPhase section */

/* Begin PBXShellScriptBuildPhase section */
		6D388E4123564EB68682B681 /* Copy Pods Resources */ = {
			isa = PBXShellScriptBuildPhase;
			buildActionMask = 2147483647;
			files = (
			);
			inputPaths = (
			);
			name = "Copy Pods Resources";
			outputPaths = (
			);
			runOnlyForDeploymentPostprocessing = 0;
			shellPath = /bin/sh;
			shellScript = "\"${SRCROOT}/Pods/Pods-BuzzzeTests-resources.sh\"\n";
			showEnvVarsInLog = 0;
		};
		AF70CAF3D6684E999D36E694 /* Check Pods Manifest.lock */ = {
			isa = PBXShellScriptBuildPhase;
			buildActionMask = 2147483647;
			files = (
			);
			inputPaths = (
			);
			name = "Check Pods Manifest.lock";
			outputPaths = (
			);
			runOnlyForDeploymentPostprocessing = 0;
			shellPath = /bin/sh;
			shellScript = "diff \"${PODS_ROOT}/../Podfile.lock\" \"${PODS_ROOT}/Manifest.lock\" > /dev/null\nif [[ $? != 0 ]] ; then\n    cat << EOM\nerror: The sandbox is not in sync with the Podfile.lock. Run 'pod install' or update your CocoaPods installation.\nEOM\n    exit 1\nfi\n";
			showEnvVarsInLog = 0;
		};
/* End PBXShellScriptBuildPhase section */

/* Begin PBXSourcesBuildPhase section */
		E78FD18A198F1E6B0069F335 /* Sources */ = {
			isa = PBXSourcesBuildPhase;
			buildActionMask = 2147483647;
			files = (
				E78FD197198F1E6B0069F335 /* AppDelegate.m in Sources */,
				E78FD19A198F1E6B0069F335 /* Buzzze.xcdatamodeld in Sources */,
				E78FD19D198F1E6B0069F335 /* ViewController.m in Sources */,
				E78FD194198F1E6B0069F335 /* main.m in Sources */,
			);
			runOnlyForDeploymentPostprocessing = 0;
		};
		E78FD1A3198F1E6B0069F335 /* Sources */ = {
			isa = PBXSourcesBuildPhase;
			buildActionMask = 2147483647;
			files = (
				E78FD1AE198F1E6B0069F335 /* BuzzzeTests.m in Sources */,
			);
			runOnlyForDeploymentPostprocessing = 0;
		};
/* End PBXSourcesBuildPhase section */

/* Begin PBXTargetDependency section */
		E78FD1A9198F1E6B0069F335 /* PBXTargetDependency */ = {
			isa = PBXTargetDependency;
			target = E78FD18D198F1E6B0069F335 /* Buzzze */;
			targetProxy = E78FD1A8198F1E6B0069F335 /* PBXContainerItemProxy */;
		};
/* End PBXTargetDependency section */

/* Begin PBXVariantGroup section */
		E78FD19E198F1E6B0069F335 /* Main.storyboard */ = {
			isa = PBXVariantGroup;
			children = (
				E78FD19F198F1E6B0069F335 /* Base */,
			);
			name = Main.storyboard;
			sourceTree = "<group>";
		};
/* End PBXVariantGroup section */

/* Begin XCBuildConfiguration section */
		E78FD1AF198F1E6B0069F335 /* Debug */ = {
			isa = XCBuildConfiguration;
			buildSettings = {
				ALWAYS_SEARCH_USER_PATHS = NO;
				CLANG_CXX_LANGUAGE_STANDARD = "gnu++0x";
				CLANG_CXX_LIBRARY = "libc++";
				CLANG_ENABLE_MODULES = YES;
				CLANG_ENABLE_OBJC_ARC = YES;
				CLANG_WARN_BOOL_CONVERSION = YES;
				CLANG_WARN_CONSTANT_CONVERSION = YES;
				CLANG_WARN_DIRECT_OBJC_ISA_USAGE = YES_ERROR;
				CLANG_WARN_EMPTY_BODY = YES;
				CLANG_WARN_ENUM_CONVERSION = YES;
				CLANG_WARN_INT_CONVERSION = YES;
				CLANG_WARN_OBJC_ROOT_CLASS = YES_ERROR;
				CLANG_WARN_UNREACHABLE_CODE = YES;
				CLANG_WARN__DUPLICATE_METHOD_MATCH = YES;
				"CODE_SIGN_IDENTITY[sdk=iphoneos*]" = "iPhone Developer";
				COPY_PHASE_STRIP = NO;
				ENABLE_STRICT_OBJC_MSGSEND = YES;
				GCC_C_LANGUAGE_STANDARD = gnu99;
				GCC_DYNAMIC_NO_PIC = NO;
				GCC_OPTIMIZATION_LEVEL = 0;
				GCC_PREPROCESSOR_DEFINITIONS = (
					"DEBUG=1",
					"$(inherited)",
				);
				GCC_SYMBOLS_PRIVATE_EXTERN = NO;
				GCC_WARN_64_TO_32_BIT_CONVERSION = YES;
				GCC_WARN_ABOUT_RETURN_TYPE = YES_ERROR;
				GCC_WARN_UNDECLARED_SELECTOR = YES;
				GCC_WARN_UNINITIALIZED_AUTOS = YES_AGGRESSIVE;
				GCC_WARN_UNUSED_FUNCTION = YES;
				GCC_WARN_UNUSED_VARIABLE = YES;
				IPHONEOS_DEPLOYMENT_TARGET = 8.0;
				MTL_ENABLE_DEBUG_INFO = YES;
				ONLY_ACTIVE_ARCH = YES;
				SDKROOT = iphoneos;
			};
			name = Debug;
		};
		E78FD1B0198F1E6B0069F335 /* Release */ = {
			isa = XCBuildConfiguration;
			buildSettings = {
				ALWAYS_SEARCH_USER_PATHS = NO;
				CLANG_CXX_LANGUAGE_STANDARD = "gnu++0x";
				CLANG_CXX_LIBRARY = "libc++";
				CLANG_ENABLE_MODULES = YES;
				CLANG_ENABLE_OBJC_ARC = YES;
				CLANG_WARN_BOOL_CONVERSION = YES;
				CLANG_WARN_CONSTANT_CONVERSION = YES;
				CLANG_WARN_DIRECT_OBJC_ISA_USAGE = YES_ERROR;
				CLANG_WARN_EMPTY_BODY = YES;
				CLANG_WARN_ENUM_CONVERSION = YES;
				CLANG_WARN_INT_CONVERSION = YES;
				CLANG_WARN_OBJC_ROOT_CLASS = YES_ERROR;
				CLANG_WARN_UNREACHABLE_CODE = YES;
				CLANG_WARN__DUPLICATE_METHOD_MATCH = YES;
				"CODE_SIGN_IDENTITY[sdk=iphoneos*]" = "iPhone Developer";
				COPY_PHASE_STRIP = YES;
				ENABLE_NS_ASSERTIONS = NO;
				ENABLE_STRICT_OBJC_MSGSEND = YES;
				GCC_C_LANGUAGE_STANDARD = gnu99;
				GCC_WARN_64_TO_32_BIT_CONVERSION = YES;
				GCC_WARN_ABOUT_RETURN_TYPE = YES_ERROR;
				GCC_WARN_UNDECLARED_SELECTOR = YES;
				GCC_WARN_UNINITIALIZED_AUTOS = YES_AGGRESSIVE;
				GCC_WARN_UNUSED_FUNCTION = YES;
				GCC_WARN_UNUSED_VARIABLE = YES;
				IPHONEOS_DEPLOYMENT_TARGET = 8.0;
				MTL_ENABLE_DEBUG_INFO = NO;
				SDKROOT = iphoneos;
				VALIDATE_PRODUCT = YES;
			};
			name = Release;
		};
		E78FD1B2198F1E6B0069F335 /* Debug */ = {
			isa = XCBuildConfiguration;
			buildSettings = {
				ASSETCATALOG_COMPILER_APPICON_NAME = AppIcon;
				ASSETCATALOG_COMPILER_LAUNCHIMAGE_NAME = LaunchImage;
				FRAMEWORK_SEARCH_PATHS = (
					"$(inherited)",
					"$(PROJECT_DIR)",
				);
				INFOPLIST_FILE = Buzzze/Info.plist;
				LD_RUNPATH_SEARCH_PATHS = "$(inherited) @executable_path/Frameworks";
				PRODUCT_NAME = "$(TARGET_NAME)";
			};
			name = Debug;
		};
		E78FD1B3198F1E6B0069F335 /* Release */ = {
			isa = XCBuildConfiguration;
			buildSettings = {
				ASSETCATALOG_COMPILER_APPICON_NAME = AppIcon;
				ASSETCATALOG_COMPILER_LAUNCHIMAGE_NAME = LaunchImage;
				FRAMEWORK_SEARCH_PATHS = (
					"$(inherited)",
					"$(PROJECT_DIR)",
				);
				INFOPLIST_FILE = Buzzze/Info.plist;
				LD_RUNPATH_SEARCH_PATHS = "$(inherited) @executable_path/Frameworks";
				PRODUCT_NAME = "$(TARGET_NAME)";
			};
			name = Release;
		};
		E78FD1B5198F1E6B0069F335 /* Debug */ = {
			isa = XCBuildConfiguration;
			baseConfigurationReference = 6D4587CBFC68417F98E4AAC3 /* Pods-BuzzzeTests.xcconfig */;
			buildSettings = {
				BUNDLE_LOADER = "$(BUILT_PRODUCTS_DIR)/Buzzze.app/Buzzze";
				FRAMEWORK_SEARCH_PATHS = (
					"$(SDKROOT)/Developer/Library/Frameworks",
					"$(inherited)",
				);
				GCC_PREPROCESSOR_DEFINITIONS = (
					"DEBUG=1",
					"$(inherited)",
				);
				INFOPLIST_FILE = BuzzzeTests/Info.plist;
				LD_RUNPATH_SEARCH_PATHS = "$(inherited) @executable_path/Frameworks @loader_path/Frameworks";
				PRODUCT_NAME = "$(TARGET_NAME)";
				TEST_HOST = "$(BUNDLE_LOADER)";
			};
			name = Debug;
		};
		E78FD1B6198F1E6B0069F335 /* Release */ = {
			isa = XCBuildConfiguration;
			baseConfigurationReference = 6D4587CBFC68417F98E4AAC3 /* Pods-BuzzzeTests.xcconfig */;
			buildSettings = {
				BUNDLE_LOADER = "$(BUILT_PRODUCTS_DIR)/Buzzze.app/Buzzze";
				FRAMEWORK_SEARCH_PATHS = (
					"$(SDKROOT)/Developer/Library/Frameworks",
					"$(inherited)",
				);
				INFOPLIST_FILE = BuzzzeTests/Info.plist;
				LD_RUNPATH_SEARCH_PATHS = "$(inherited) @executable_path/Frameworks @loader_path/Frameworks";
				PRODUCT_NAME = "$(TARGET_NAME)";
				TEST_HOST = "$(BUNDLE_LOADER)";
			};
			name = Release;
		};
/* End XCBuildConfiguration section */

/* Begin XCConfigurationList section */
		E78FD189198F1E6B0069F335 /* Build configuration list for PBXProject "Buzzze" */ = {
			isa = XCConfigurationList;
			buildConfigurations = (
				E78FD1AF198F1E6B0069F335 /* Debug */,
				E78FD1B0198F1E6B0069F335 /* Release */,
			);
			defaultConfigurationIsVisible = 0;
			defaultConfigurationName = Release;
		};
		E78FD1B1198F1E6B0069F335 /* Build configuration list for PBXNativeTarget "Buzzze" */ = {
			isa = XCConfigurationList;
			buildConfigurations = (
				E78FD1B2198F1E6B0069F335 /* Debug */,
				E78FD1B3198F1E6B0069F335 /* Release */,
			);
			defaultConfigurationIsVisible = 0;
			defaultConfigurationName = Release;
		};
		E78FD1B4198F1E6B0069F335 /* Build configuration list for PBXNativeTarget "BuzzzeTests" */ = {
			isa = XCConfigurationList;
			buildConfigurations = (
				E78FD1B5198F1E6B0069F335 /* Debug */,
				E78FD1B6198F1E6B0069F335 /* Release */,
			);
			defaultConfigurationIsVisible = 0;
			defaultConfigurationName = Release;
		};
/* End XCConfigurationList section */

/* Begin XCVersionGroup section */
		E78FD198198F1E6B0069F335 /* Buzzze.xcdatamodeld */ = {
			isa = XCVersionGroup;
			children = (
				E78FD199198F1E6B0069F335 /* Buzzze.xcdatamodel */,
			);
			currentVersion = E78FD199198F1E6B0069F335 /* Buzzze.xcdatamodel */;
			path = Buzzze.xcdatamodeld;
			sourceTree = "<group>";
			versionGroupType = wrapper.xcdatamodel;
		};
/* End XCVersionGroup section */
	};
	rootObject = E78FD186198F1E6B0069F335 /* Project object */;
}
